// !$*UTF8*$!
{
	archiveVersion = 1;
	classes = {
	};
	objectVersion = 56;
	objects = {

/* Begin PBXBuildFile section */
		FFED57322AE1FBC00040D241 /* AppDelegate.swift in Sources */ = {isa = PBXBuildFile; fileRef = FFED57312AE1FBC00040D241 /* AppDelegate.swift */; };
		FFED57342AE1FBC00040D241 /* SceneDelegate.swift in Sources */ = {isa = PBXBuildFile; fileRef = FFED57332AE1FBC00040D241 /* SceneDelegate.swift */; };
		FFED57362AE1FBC00040D241 /* ViewController.swift in Sources */ = {isa = PBXBuildFile; fileRef = FFED57352AE1FBC00040D241 /* ViewController.swift */; };
		FFED57392AE1FBC00040D241 /* Main.storyboard in Resources */ = {isa = PBXBuildFile; fileRef = FFED57372AE1FBC00040D241 /* Main.storyboard */; };
		FFED573C2AE1FBC00040D241 /* HitList.xcdatamodeld in Sources */ = {isa = PBXBuildFile; fileRef = FFED573A2AE1FBC00040D241 /* HitList.xcdatamodeld */; };
		FFED573E2AE1FBC10040D241 /* Assets.xcassets in Resources */ = {isa = PBXBuildFile; fileRef = FFED573D2AE1FBC10040D241 /* Assets.xcassets */; };
		FFED57412AE1FBC10040D241 /* LaunchScreen.storyboard in Resources */ = {isa = PBXBuildFile; fileRef = FFED573F2AE1FBC10040D241 /* LaunchScreen.storyboard */; };
		FFED574C2AE1FBC20040D241 /* HitListTests.swift in Sources */ = {isa = PBXBuildFile; fileRef = FFED574B2AE1FBC20040D241 /* HitListTests.swift */; };
		FFED57562AE1FBC20040D241 /* HitListUITests.swift in Sources */ = {isa = PBXBuildFile; fileRef = FFED57552AE1FBC20040D241 /* HitListUITests.swift */; };
		FFED57582AE1FBC20040D241 /* HitListUITestsLaunchTests.swift in Sources */ = {isa = PBXBuildFile; fileRef = FFED57572AE1FBC20040D241 /* HitListUITestsLaunchTests.swift */; };
/* End PBXBuildFile section */

/* Begin PBXContainerItemProxy section */
		FFED57482AE1FBC20040D241 /* PBXContainerItemProxy */ = {
			isa = PBXContainerItemProxy;
			containerPortal = FFED57262AE1FBC00040D241 /* Project object */;
			proxyType = 1;
			remoteGlobalIDString = FFED572D2AE1FBC00040D241;
			remoteInfo = HitList;
		};
		FFED57522AE1FBC20040D241 /* PBXContainerItemProxy */ = {
			isa = PBXContainerItemProxy;
			containerPortal = FFED57262AE1FBC00040D241 /* Project object */;
			proxyType = 1;
			remoteGlobalIDString = FFED572D2AE1FBC00040D241;
			remoteInfo = HitList;
		};
/* End PBXContainerItemProxy section */

/* Begin PBXFileReference section */
		FFED572E2AE1FBC00040D241 /* HitList.app */ = {isa = PBXFileReference; explicitFileType = wrapper.application; includeInIndex = 0; path = HitList.app; sourceTree = BUILT_PRODUCTS_DIR; };
		FFED57312AE1FBC00040D241 /* AppDelegate.swift */ = {isa = PBXFileReference; lastKnownFileType = sourcecode.swift; path = AppDelegate.swift; sourceTree = "<group>"; };
		FFED57332AE1FBC00040D241 /* SceneDelegate.swift */ = {isa = PBXFileReference; lastKnownFileType = sourcecode.swift; path = SceneDelegate.swift; sourceTree = "<group>"; };
		FFED57352AE1FBC00040D241 /* ViewController.swift */ = {isa = PBXFileReference; lastKnownFileType = sourcecode.swift; path = ViewController.swift; sourceTree = "<group>"; };
		FFED57382AE1FBC00040D241 /* Base */ = {isa = PBXFileReference; lastKnownFileType = file.storyboard; name = Base; path = Base.lproj/Main.storyboard; sourceTree = "<group>"; };
		FFED573B2AE1FBC00040D241 /* HitList.xcdatamodel */ = {isa = PBXFileReference; lastKnownFileType = wrapper.xcdatamodel; path = HitList.xcdatamodel; sourceTree = "<group>"; };
		FFED573D2AE1FBC10040D241 /* Assets.xcassets */ = {isa = PBXFileReference; lastKnownFileType = folder.assetcatalog; path = Assets.xcassets; sourceTree = "<group>"; };
		FFED57402AE1FBC10040D241 /* Base */ = {isa = PBXFileReference; lastKnownFileType = file.storyboard; name = Base; path = Base.lproj/LaunchScreen.storyboard; sourceTree = "<group>"; };
		FFED57422AE1FBC10040D241 /* Info.plist */ = {isa = PBXFileReference; lastKnownFileType = text.plist.xml; path = Info.plist; sourceTree = "<group>"; };
		FFED57472AE1FBC20040D241 /* HitListTests.xctest */ = {isa = PBXFileReference; explicitFileType = wrapper.cfbundle; includeInIndex = 0; path = HitListTests.xctest; sourceTree = BUILT_PRODUCTS_DIR; };
		FFED574B2AE1FBC20040D241 /* HitListTests.swift */ = {isa = PBXFileReference; lastKnownFileType = sourcecode.swift; path = HitListTests.swift; sourceTree = "<group>"; };
		FFED57512AE1FBC20040D241 /* HitListUITests.xctest */ = {isa = PBXFileReference; explicitFileType = wrapper.cfbundle; includeInIndex = 0; path = HitListUITests.xctest; sourceTree = BUILT_PRODUCTS_DIR; };
		FFED57552AE1FBC20040D241 /* HitListUITests.swift */ = {isa = PBXFileReference; lastKnownFileType = sourcecode.swift; path = HitListUITests.swift; sourceTree = "<group>"; };
		FFED57572AE1FBC20040D241 /* HitListUITestsLaunchTests.swift */ = {isa = PBXFileReference; lastKnownFileType = sourcecode.swift; path = HitListUITestsLaunchTests.swift; sourceTree = "<group>"; };
/* End PBXFileReference section */

/* Begin PBXFrameworksBuildPhase section */
		FFED572B2AE1FBC00040D241 /* Frameworks */ = {
			isa = PBXFrameworksBuildPhase;
			buildActionMask = 2147483647;
			files = (
			);
			runOnlyForDeploymentPostprocessing = 0;
		};
		FFED57442AE1FBC20040D241 /* Frameworks */ = {
			isa = PBXFrameworksBuildPhase;
			buildActionMask = 2147483647;
			files = (
			);
			runOnlyForDeploymentPostprocessing = 0;
		};
		FFED574E2AE1FBC20040D241 /* Frameworks */ = {
			isa = PBXFrameworksBuildPhase;
			buildActionMask = 2147483647;
			files = (
			);
			runOnlyForDeploymentPostprocessing = 0;
		};
/* End PBXFrameworksBuildPhase section */

/* Begin PBXGroup section */
		FFED57252AE1FBC00040D241 = {
			isa = PBXGroup;
			children = (
				FFED57302AE1FBC00040D241 /* HitList */,
				FFED574A2AE1FBC20040D241 /* HitListTests */,
				FFED57542AE1FBC20040D241 /* HitListUITests */,
				FFED572F2AE1FBC00040D241 /* Products */,
			);
			sourceTree = "<group>";
		};
		FFED572F2AE1FBC00040D241 /* Products */ = {
			isa = PBXGroup;
			children = (
				FFED572E2AE1FBC00040D241 /* HitList.app */,
				FFED57472AE1FBC20040D241 /* HitListTests.xctest */,
				FFED57512AE1FBC20040D241 /* HitListUITests.xctest */,
			);
			name = Products;
			sourceTree = "<group>";
		};
		FFED57302AE1FBC00040D241 /* HitList */ = {
			isa = PBXGroup;
			children = (
				FFED57312AE1FBC00040D241 /* AppDelegate.swift */,
				FFED57332AE1FBC00040D241 /* SceneDelegate.swift */,
				FFED57352AE1FBC00040D241 /* ViewController.swift */,
				FFED57372AE1FBC00040D241 /* Main.storyboard */,
				FFED573D2AE1FBC10040D241 /* Assets.xcassets */,
				FFED573F2AE1FBC10040D241 /* LaunchScreen.storyboard */,
				FFED57422AE1FBC10040D241 /* Info.plist */,
				FFED573A2AE1FBC00040D241 /* HitList.xcdatamodeld */,
			);
			path = HitList;
			sourceTree = "<group>";
		};
		FFED574A2AE1FBC20040D241 /* HitListTests */ = {
			isa = PBXGroup;
			children = (
				FFED574B2AE1FBC20040D241 /* HitListTests.swift */,
			);
			path = HitListTests;
			sourceTree = "<group>";
		};
		FFED57542AE1FBC20040D241 /* HitListUITests */ = {
			isa = PBXGroup;
			children = (
				FFED57552AE1FBC20040D241 /* HitListUITests.swift */,
				FFED57572AE1FBC20040D241 /* HitListUITestsLaunchTests.swift */,
			);
			path = HitListUITests;
			sourceTree = "<group>";
		};
/* End PBXGroup section */

/* Begin PBXNativeTarget section */
		FFED572D2AE1FBC00040D241 /* HitList */ = {
			isa = PBXNativeTarget;
			buildConfigurationList = FFED575B2AE1FBC20040D241 /* Build configuration list for PBXNativeTarget "HitList" */;
			buildPhases = (
				FFED572A2AE1FBC00040D241 /* Sources */,
				FFED572B2AE1FBC00040D241 /* Frameworks */,
				FFED572C2AE1FBC00040D241 /* Resources */,
			);
			buildRules = (
			);
			dependencies = (
			);
			name = HitList;
			productName = HitList;
			productReference = FFED572E2AE1FBC00040D241 /* HitList.app */;
			productType = "com.apple.product-type.application";
		};
		FFED57462AE1FBC20040D241 /* HitListTests */ = {
			isa = PBXNativeTarget;
			buildConfigurationList = FFED575E2AE1FBC20040D241 /* Build configuration list for PBXNativeTarget "HitListTests" */;
			buildPhases = (
				FFED57432AE1FBC20040D241 /* Sources */,
				FFED57442AE1FBC20040D241 /* Frameworks */,
				FFED57452AE1FBC20040D241 /* Resources */,
			);
			buildRules = (
			);
			dependencies = (
				FFED57492AE1FBC20040D241 /* PBXTargetDependency */,
			);
			name = HitListTests;
			productName = HitListTests;
			productReference = FFED57472AE1FBC20040D241 /* HitListTests.xctest */;
			productType = "com.apple.product-type.bundle.unit-test";
		};
		FFED57502AE1FBC20040D241 /* HitListUITests */ = {
			isa = PBXNativeTarget;
			buildConfigurationList = FFED57612AE1FBC20040D241 /* Build configuration list for PBXNativeTarget "HitListUITests" */;
			buildPhases = (
				FFED574D2AE1FBC20040D241 /* Sources */,
				FFED574E2AE1FBC20040D241 /* Frameworks */,
				FFED574F2AE1FBC20040D241 /* Resources */,
			);
			buildRules = (
			);
			dependencies = (
				FFED57532AE1FBC20040D241 /* PBXTargetDependency */,
			);
			name = HitListUITests;
			productName = HitListUITests;
			productReference = FFED57512AE1FBC20040D241 /* HitListUITests.xctest */;
			productType = "com.apple.product-type.bundle.ui-testing";
		};
/* End PBXNativeTarget section */

/* Begin PBXProject section */
		FFED57262AE1FBC00040D241 /* Project object */ = {
			isa = PBXProject;
			attributes = {
				BuildIndependentTargetsInParallel = 1;
				LastSwiftUpdateCheck = 1500;
				LastUpgradeCheck = 1500;
				TargetAttributes = {
					FFED572D2AE1FBC00040D241 = {
						CreatedOnToolsVersion = 15.0;
					};
					FFED57462AE1FBC20040D241 = {
						CreatedOnToolsVersion = 15.0;
						TestTargetID = FFED572D2AE1FBC00040D241;
					};
					FFED57502AE1FBC20040D241 = {
						CreatedOnToolsVersion = 15.0;
						TestTargetID = FFED572D2AE1FBC00040D241;
					};
				};
			};
			buildConfigurationList = FFED57292AE1FBC00040D241 /* Build configuration list for PBXProject "HitList" */;
			compatibilityVersion = "Xcode 14.0";
			developmentRegion = en;
			hasScannedForEncodings = 0;
			knownRegions = (
				en,
				Base,
			);
			mainGroup = FFED57252AE1FBC00040D241;
			productRefGroup = FFED572F2AE1FBC00040D241 /* Products */;
			projectDirPath = "";
			projectRoot = "";
			targets = (
				FFED572D2AE1FBC00040D241 /* HitList */,
				FFED57462AE1FBC20040D241 /* HitListTests */,
				FFED57502AE1FBC20040D241 /* HitListUITests */,
			);
		};
/* End PBXProject section */

/* Begin PBXResourcesBuildPhase section */
		FFED572C2AE1FBC00040D241 /* Resources */ = {
			isa = PBXResourcesBuildPhase;
			buildActionMask = 2147483647;
			files = (
				FFED57412AE1FBC10040D241 /* LaunchScreen.storyboard in Resources */,
				FFED573E2AE1FBC10040D241 /* Assets.xcassets in Resources */,
				FFED57392AE1FBC00040D241 /* Main.storyboard in Resources */,
			);
			runOnlyForDeploymentPostprocessing = 0;
		};
		FFED57452AE1FBC20040D241 /* Resources */ = {
			isa = PBXResourcesBuildPhase;
			buildActionMask = 2147483647;
			files = (
			);
			runOnlyForDeploymentPostprocessing = 0;
		};
		FFED574F2AE1FBC20040D241 /* Resources */ = {
			isa = PBXResourcesBuildPhase;
			buildActionMask = 2147483647;
			files = (
			);
			runOnlyForDeploymentPostprocessing = 0;
		};
/* End PBXResourcesBuildPhase section */

/* Begin PBXSourcesBuildPhase section */
		FFED572A2AE1FBC00040D241 /* Sources */ = {
			isa = PBXSourcesBuildPhase;
			buildActionMask = 2147483647;
			files = (
				FFED57362AE1FBC00040D241 /* ViewController.swift in Sources */,
				FFED573C2AE1FBC00040D241 /* HitList.xcdatamodeld in Sources */,
				FFED57322AE1FBC00040D241 /* AppDelegate.swift in Sources */,
				FFED57342AE1FBC00040D241 /* SceneDelegate.swift in Sources */,
			);
			runOnlyForDeploymentPostprocessing = 0;
		};
		FFED57432AE1FBC20040D241 /* Sources */ = {
			isa = PBXSourcesBuildPhase;
			buildActionMask = 2147483647;
			files = (
				FFED574C2AE1FBC20040D241 /* HitListTests.swift in Sources */,
			);
			runOnlyForDeploymentPostprocessing = 0;
		};
		FFED574D2AE1FBC20040D241 /* Sources */ = {
			isa = PBXSourcesBuildPhase;
			buildActionMask = 2147483647;
			files = (
				FFED57582AE1FBC20040D241 /* HitListUITestsLaunchTests.swift in Sources */,
				FFED57562AE1FBC20040D241 /* HitListUITests.swift in Sources */,
			);
			runOnlyForDeploymentPostprocessing = 0;
		};
/* End PBXSourcesBuildPhase section */

/* Begin PBXTargetDependency section */
		FFED57492AE1FBC20040D241 /* PBXTargetDependency */ = {
			isa = PBXTargetDependency;
			target = FFED572D2AE1FBC00040D241 /* HitList */;
			targetProxy = FFED57482AE1FBC20040D241 /* PBXContainerItemProxy */;
		};
		FFED57532AE1FBC20040D241 /* PBXTargetDependency */ = {
			isa = PBXTargetDependency;
			target = FFED572D2AE1FBC00040D241 /* HitList */;
			targetProxy = FFED57522AE1FBC20040D241 /* PBXContainerItemProxy */;
		};
/* End PBXTargetDependency section */

/* Begin PBXVariantGroup section */
		FFED57372AE1FBC00040D241 /* Main.storyboard */ = {
			isa = PBXVariantGroup;
			children = (
				FFED57382AE1FBC00040D241 /* Base */,
			);
			name = Main.storyboard;
			sourceTree = "<group>";
		};
		FFED573F2AE1FBC10040D241 /* LaunchScreen.storyboard */ = {
			isa = PBXVariantGroup;
			children = (
				FFED57402AE1FBC10040D241 /* Base */,
			);
			name = LaunchScreen.storyboard;
			sourceTree = "<group>";
		};
/* End PBXVariantGroup section */

/* Begin XCBuildConfiguration section */
		FFED57592AE1FBC20040D241 /* Debug */ = {
			isa = XCBuildConfiguration;
			buildSettings = {
				ALWAYS_SEARCH_USER_PATHS = NO;
				ASSETCATALOG_COMPILER_GENERATE_SWIFT_ASSET_SYMBOL_EXTENSIONS = YES;
				CLANG_ANALYZER_NONNULL = YES;
				CLANG_ANALYZER_NUMBER_OBJECT_CONVERSION = YES_AGGRESSIVE;
				CLANG_CXX_LANGUAGE_STANDARD = "gnu++20";
				CLANG_ENABLE_MODULES = YES;
				CLANG_ENABLE_OBJC_ARC = YES;
				CLANG_ENABLE_OBJC_WEAK = YES;
				CLANG_WARN_BLOCK_CAPTURE_AUTORELEASING = YES;
				CLANG_WARN_BOOL_CONVERSION = YES;
				CLANG_WARN_COMMA = YES;
				CLANG_WARN_CONSTANT_CONVERSION = YES;
				CLANG_WARN_DEPRECATED_OBJC_IMPLEMENTATIONS = YES;
				CLANG_WARN_DIRECT_OBJC_ISA_USAGE = YES_ERROR;
				CLANG_WARN_DOCUMENTATION_COMMENTS = YES;
				CLANG_WARN_EMPTY_BODY = YES;
				CLANG_WARN_ENUM_CONVERSION = YES;
				CLANG_WARN_INFINITE_RECURSION = YES;
				CLANG_WARN_INT_CONVERSION = YES;
				CLANG_WARN_NON_LITERAL_NULL_CONVERSION = YES;
				CLANG_WARN_OBJC_IMPLICIT_RETAIN_SELF = YES;
				CLANG_WARN_OBJC_LITERAL_CONVERSION = YES;
				CLANG_WARN_OBJC_ROOT_CLASS = YES_ERROR;
				CLANG_WARN_QUOTED_INCLUDE_IN_FRAMEWORK_HEADER = YES;
				CLANG_WARN_RANGE_LOOP_ANALYSIS = YES;
				CLANG_WARN_STRICT_PROTOTYPES = YES;
				CLANG_WARN_SUSPICIOUS_MOVE = YES;
				CLANG_WARN_UNGUARDED_AVAILABILITY = YES_AGGRESSIVE;
				CLANG_WARN_UNREACHABLE_CODE = YES;
				CLANG_WARN__DUPLICATE_METHOD_MATCH = YES;
				COPY_PHASE_STRIP = NO;
				DEBUG_INFORMATION_FORMAT = dwarf;
				ENABLE_STRICT_OBJC_MSGSEND = YES;
				ENABLE_TESTABILITY = YES;
				ENABLE_USER_SCRIPT_SANDBOXING = YES;
				GCC_C_LANGUAGE_STANDARD = gnu17;
				GCC_DYNAMIC_NO_PIC = NO;
				GCC_NO_COMMON_BLOCKS = YES;
				GCC_OPTIMIZATION_LEVEL = 0;
				GCC_PREPROCESSOR_DEFINITIONS = (
					"DEBUG=1",
					"$(inherited)",
				);
				GCC_WARN_64_TO_32_BIT_CONVERSION = YES;
				GCC_WARN_ABOUT_RETURN_TYPE = YES_ERROR;
				GCC_WARN_UNDECLARED_SELECTOR = YES;
				GCC_WARN_UNINITIALIZED_AUTOS = YES_AGGRESSIVE;
				GCC_WARN_UNUSED_FUNCTION = YES;
				GCC_WARN_UNUSED_VARIABLE = YES;
				IPHONEOS_DEPLOYMENT_TARGET = 17.0;
				LOCALIZATION_PREFERS_STRING_CATALOGS = YES;
				MTL_ENABLE_DEBUG_INFO = INCLUDE_SOURCE;
				MTL_FAST_MATH = YES;
				ONLY_ACTIVE_ARCH = YES;
				SDKROOT = iphoneos;
				SWIFT_ACTIVE_COMPILATION_CONDITIONS = "DEBUG $(inherited)";
				SWIFT_OPTIMIZATION_LEVEL = "-Onone";
			};
			name = Debug;
		};
		FFED575A2AE1FBC20040D241 /* Release */ = {
			isa = XCBuildConfiguration;
			buildSettings = {
				ALWAYS_SEARCH_USER_PATHS = NO;
				ASSETCATALOG_COMPILER_GENERATE_SWIFT_ASSET_SYMBOL_EXTENSIONS = YES;
				CLANG_ANALYZER_NONNULL = YES;
				CLANG_ANALYZER_NUMBER_OBJECT_CONVERSION = YES_AGGRESSIVE;
				CLANG_CXX_LANGUAGE_STANDARD = "gnu++20";
				CLANG_ENABLE_MODULES = YES;
				CLANG_ENABLE_OBJC_ARC = YES;
				CLANG_ENABLE_OBJC_WEAK = YES;
				CLANG_WARN_BLOCK_CAPTURE_AUTORELEASING = YES;
				CLANG_WARN_BOOL_CONVERSION = YES;
				CLANG_WARN_COMMA = YES;
				CLANG_WARN_CONSTANT_CONVERSION = YES;
				CLANG_WARN_DEPRECATED_OBJC_IMPLEMENTATIONS = YES;
				CLANG_WARN_DIRECT_OBJC_ISA_USAGE = YES_ERROR;
				CLANG_WARN_DOCUMENTATION_COMMENTS = YES;
				CLANG_WARN_EMPTY_BODY = YES;
				CLANG_WARN_ENUM_CONVERSION = YES;
				CLANG_WARN_INFINITE_RECURSION = YES;
				CLANG_WARN_INT_CONVERSION = YES;
				CLANG_WARN_NON_LITERAL_NULL_CONVERSION = YES;
				CLANG_WARN_OBJC_IMPLICIT_RETAIN_SELF = YES;
				CLANG_WARN_OBJC_LITERAL_CONVERSION = YES;
				CLANG_WARN_OBJC_ROOT_CLASS = YES_ERROR;
				CLANG_WARN_QUOTED_INCLUDE_IN_FRAMEWORK_HEADER = YES;
				CLANG_WARN_RANGE_LOOP_ANALYSIS = YES;
				CLANG_WARN_STRICT_PROTOTYPES = YES;
				CLANG_WARN_SUSPICIOUS_MOVE = YES;
				CLANG_WARN_UNGUARDED_AVAILABILITY = YES_AGGRESSIVE;
				CLANG_WARN_UNREACHABLE_CODE = YES;
				CLANG_WARN__DUPLICATE_METHOD_MATCH = YES;
				COPY_PHASE_STRIP = NO;
				DEBUG_INFORMATION_FORMAT = "dwarf-with-dsym";
				ENABLE_NS_ASSERTIONS = NO;
				ENABLE_STRICT_OBJC_MSGSEND = YES;
				ENABLE_USER_SCRIPT_SANDBOXING = YES;
				GCC_C_LANGUAGE_STANDARD = gnu17;
				GCC_NO_COMMON_BLOCKS = YES;
				GCC_WARN_64_TO_32_BIT_CONVERSION = YES;
				GCC_WARN_ABOUT_RETURN_TYPE = YES_ERROR;
				GCC_WARN_UNDECLARED_SELECTOR = YES;
				GCC_WARN_UNINITIALIZED_AUTOS = YES_AGGRESSIVE;
				GCC_WARN_UNUSED_FUNCTION = YES;
				GCC_WARN_UNUSED_VARIABLE = YES;
				IPHONEOS_DEPLOYMENT_TARGET = 17.0;
				LOCALIZATION_PREFERS_STRING_CATALOGS = YES;
				MTL_ENABLE_DEBUG_INFO = NO;
				MTL_FAST_MATH = YES;
				SDKROOT = iphoneos;
				SWIFT_COMPILATION_MODE = wholemodule;
				VALIDATE_PRODUCT = YES;
			};
			name = Release;
		};
		FFED575C2AE1FBC20040D241 /* Debug */ = {
			isa = XCBuildConfiguration;
			buildSettings = {
				ASSETCATALOG_COMPILER_APPICON_NAME = AppIcon;
				ASSETCATALOG_COMPILER_GLOBAL_ACCENT_COLOR_NAME = AccentColor;
				CODE_SIGN_STYLE = Automatic;
				CURRENT_PROJECT_VERSION = 1;
				GENERATE_INFOPLIST_FILE = YES;
				INFOPLIST_FILE = HitList/Info.plist;
				INFOPLIST_KEY_UIApplicationSupportsIndirectInputEvents = YES;
				INFOPLIST_KEY_UILaunchStoryboardName = LaunchScreen;
				INFOPLIST_KEY_UIMainStoryboardFile = Main;
				INFOPLIST_KEY_UISupportedInterfaceOrientations_iPad = "UIInterfaceOrientationPortrait UIInterfaceOrientationPortraitUpsideDown UIInterfaceOrientationLandscapeLeft UIInterfaceOrientationLandscapeRight";
				INFOPLIST_KEY_UISupportedInterfaceOrientations_iPhone = "UIInterfaceOrientationPortrait UIInterfaceOrientationLandscapeLeft UIInterfaceOrientationLandscapeRight";
				LD_RUNPATH_SEARCH_PATHS = (
					"$(inherited)",
					"@executable_path/Frameworks",
				);
				MARKETING_VERSION = 1.0;
				PRODUCT_BUNDLE_IDENTIFIER = personal.HitList;
				PRODUCT_NAME = "$(TARGET_NAME)";
				SWIFT_EMIT_LOC_STRINGS = YES;
				SWIFT_VERSION = 5.0;
				TARGETED_DEVICE_FAMILY = "1,2";
			};
			name = Debug;
		};
		FFED575D2AE1FBC20040D241 /* Release */ = {
			isa = XCBuildConfiguration;
			buildSettings = {
				ASSETCATALOG_COMPILER_APPICON_NAME = AppIcon;
				ASSETCATALOG_COMPILER_GLOBAL_ACCENT_COLOR_NAME = AccentColor;
				CODE_SIGN_STYLE = Automatic;
				CURRENT_PROJECT_VERSION = 1;
				GENERATE_INFOPLIST_FILE = YES;
				INFOPLIST_FILE = HitList/Info.plist;
				INFOPLIST_KEY_UIApplicationSupportsIndirectInputEvents = YES;
				INFOPLIST_KEY_UILaunchStoryboardName = LaunchScreen;
				INFOPLIST_KEY_UIMainStoryboardFile = Main;
				INFOPLIST_KEY_UISupportedInterfaceOrientations_iPad = "UIInterfaceOrientationPortrait UIInterfaceOrientationPortraitUpsideDown UIInterfaceOrientationLandscapeLeft UIInterfaceOrientationLandscapeRight";
				INFOPLIST_KEY_UISupportedInterfaceOrientations_iPhone = "UIInterfaceOrientationPortrait UIInterfaceOrientationLandscapeLeft UIInterfaceOrientationLandscapeRight";
				LD_RUNPATH_SEARCH_PATHS = (
					"$(inherited)",
					"@executable_path/Frameworks",
				);
				MARKETING_VERSION = 1.0;
				PRODUCT_BUNDLE_IDENTIFIER = personal.HitList;
				PRODUCT_NAME = "$(TARGET_NAME)";
				SWIFT_EMIT_LOC_STRINGS = YES;
				SWIFT_VERSION = 5.0;
				TARGETED_DEVICE_FAMILY = "1,2";
			};
			name = Release;
		};
		FFED575F2AE1FBC20040D241 /* Debug */ = {
			isa = XCBuildConfiguration;
			buildSettings = {
				ALWAYS_EMBED_SWIFT_STANDARD_LIBRARIES = YES;
				BUNDLE_LOADER = "$(TEST_HOST)";
				CODE_SIGN_STYLE = Automatic;
				CURRENT_PROJECT_VERSION = 1;
				GENERATE_INFOPLIST_FILE = YES;
				IPHONEOS_DEPLOYMENT_TARGET = 17.0;
				MARKETING_VERSION = 1.0;
				PRODUCT_BUNDLE_IDENTIFIER = personal.HitListTests;
				PRODUCT_NAME = "$(TARGET_NAME)";
				SWIFT_EMIT_LOC_STRINGS = NO;
				SWIFT_VERSION = 5.0;
				TARGETED_DEVICE_FAMILY = "1,2";
				TEST_HOST = "$(BUILT_PRODUCTS_DIR)/HitList.app/$(BUNDLE_EXECUTABLE_FOLDER_PATH)/HitList";
			};
			name = Debug;
		};
		FFED57602AE1FBC20040D241 /* Release */ = {
			isa = XCBuildConfiguration;
			buildSettings = {
				ALWAYS_EMBED_SWIFT_STANDARD_LIBRARIES = YES;
				BUNDLE_LOADER = "$(TEST_HOST)";
				CODE_SIGN_STYLE = Automatic;
				CURRENT_PROJECT_VERSION = 1;
				GENERATE_INFOPLIST_FILE = YES;
				IPHONEOS_DEPLOYMENT_TARGET = 17.0;
				MARKETING_VERSION = 1.0;
				PRODUCT_BUNDLE_IDENTIFIER = personal.HitListTests;
				PRODUCT_NAME = "$(TARGET_NAME)";
				SWIFT_EMIT_LOC_STRINGS = NO;
				SWIFT_VERSION = 5.0;
				TARGETED_DEVICE_FAMILY = "1,2";
				TEST_HOST = "$(BUILT_PRODUCTS_DIR)/HitList.app/$(BUNDLE_EXECUTABLE_FOLDER_PATH)/HitList";
			};
			name = Release;
		};
		FFED57622AE1FBC20040D241 /* Debug */ = {
			isa = XCBuildConfiguration;
			buildSettings = {
				ALWAYS_EMBED_SWIFT_STANDARD_LIBRARIES = YES;
				CODE_SIGN_STYLE = Automatic;
				CURRENT_PROJECT_VERSION = 1;
				GENERATE_INFOPLIST_FILE = YES;
				MARKETING_VERSION = 1.0;
				PRODUCT_BUNDLE_IDENTIFIER = personal.HitListUITests;
				PRODUCT_NAME = "$(TARGET_NAME)";
				SWIFT_EMIT_LOC_STRINGS = NO;
				SWIFT_VERSION = 5.0;
				TARGETED_DEVICE_FAMILY = "1,2";
				TEST_TARGET_NAME = HitList;
			};
			name = Debug;
		};
		FFED57632AE1FBC20040D241 /* Release */ = {
			isa = XCBuildConfiguration;
			buildSettings = {
				ALWAYS_EMBED_SWIFT_STANDARD_LIBRARIES = YES;
				CODE_SIGN_STYLE = Automatic;
				CURRENT_PROJECT_VERSION = 1;
				GENERATE_INFOPLIST_FILE = YES;
				MARKETING_VERSION = 1.0;
				PRODUCT_BUNDLE_IDENTIFIER = personal.HitListUITests;
				PRODUCT_NAME = "$(TARGET_NAME)";
				SWIFT_EMIT_LOC_STRINGS = NO;
				SWIFT_VERSION = 5.0;
				TARGETED_DEVICE_FAMILY = "1,2";
				TEST_TARGET_NAME = HitList;
			};
			name = Release;
		};
/* End XCBuildConfiguration section */

/* Begin XCConfigurationList section */
		FFED57292AE1FBC00040D241 /* Build configuration list for PBXProject "HitList" */ = {
			isa = XCConfigurationList;
			buildConfigurations = (
				FFED57592AE1FBC20040D241 /* Debug */,
				FFED575A2AE1FBC20040D241 /* Release */,
			);
			defaultConfigurationIsVisible = 0;
			defaultConfigurationName = Release;
		};
		FFED575B2AE1FBC20040D241 /* Build configuration list for PBXNativeTarget "HitList" */ = {
			isa = XCConfigurationList;
			buildConfigurations = (
				FFED575C2AE1FBC20040D241 /* Debug */,
				FFED575D2AE1FBC20040D241 /* Release */,
			);
			defaultConfigurationIsVisible = 0;
			defaultConfigurationName = Release;
		};
		FFED575E2AE1FBC20040D241 /* Build configuration list for PBXNativeTarget "HitListTests" */ = {
			isa = XCConfigurationList;
			buildConfigurations = (
				FFED575F2AE1FBC20040D241 /* Debug */,
				FFED57602AE1FBC20040D241 /* Release */,
			);
			defaultConfigurationIsVisible = 0;
			defaultConfigurationName = Release;
		};
		FFED57612AE1FBC20040D241 /* Build configuration list for PBXNativeTarget "HitListUITests" */ = {
			isa = XCConfigurationList;
			buildConfigurations = (
				FFED57622AE1FBC20040D241 /* Debug */,
				FFED57632AE1FBC20040D241 /* Release */,
			);
			defaultConfigurationIsVisible = 0;
			defaultConfigurationName = Release;
		};
/* End XCConfigurationList section */

/* Begin XCVersionGroup section */
		FFED573A2AE1FBC00040D241 /* HitList.xcdatamodeld */ = {
			isa = XCVersionGroup;
			children = (
				FFED573B2AE1FBC00040D241 /* HitList.xcdatamodel */,
			);
			currentVersion = FFED573B2AE1FBC00040D241 /* HitList.xcdatamodel */;
			path = HitList.xcdatamodeld;
			sourceTree = "<group>";
			versionGroupType = wrapper.xcdatamodel;
		};
/* End XCVersionGroup section */
	};
	rootObject = FFED57262AE1FBC00040D241 /* Project object */;
}
